
Microsoft Visual Studio Solution File, Format Version 12.00
# Visual Studio Version 17
VisualStudioVersion = 17.3.32804.467
MinimumVisualStudioVersion = 10.0.40219.1
Project("{FAE04EC0-301F-11D3-BF4B-00C04F79EFBC}") = "CMP-1005-Fall2022-WebApiTest", "CMP-1005-Fall2022-WebApiTest\CMP-1005-Fall2022-WebApiTest.csproj", "{97C7BDDE-BD8F-4268-841B-6E9407D8FEF6}"
EndProject
Global
	GlobalSection(SolutionConfigurationPlatforms) = preSolution
		Debug|Any CPU = Debug|Any CPU
		Release|Any CPU = Release|Any CPU
	EndGlobalSection
	GlobalSection(ProjectConfigurationPlatforms) = postSolution
		{97C7BDDE-BD8F-4268-841B-6E9407D8FEF6}.Debug|Any CPU.ActiveCfg = Debug|Any CPU
		{97C7BDDE-BD8F-4268-841B-6E9407D8FEF6}.Debug|Any CPU.Build.0 = Debug|Any CPU
		{97C7BDDE-BD8F-4268-841B-6E9407D8FEF6}.Release|Any CPU.ActiveCfg = Release|Any CPU
		{97C7BDDE-BD8F-4268-841B-6E9407D8FEF6}.Release|Any CPU.Build.0 = Release|Any CPU
	EndGlobalSection
	GlobalSection(SolutionProperties) = preSolution
		HideSolutionNode = FALSE
	EndGlobalSection
	GlobalSection(ExtensibilityGlobals) = postSolution
		SolutionGuid = {53BA4E0D-754A-480D-AB33-5154935FF52E}
	EndGlobalSection
EndGlobal
